<?xml version="1.0" encoding="utf-8"?>
<Project ToolsVersion="4.0" xmlns="http://schemas.microsoft.com/developer/msbuild/2003">
  <ItemGroup>
    <Filter Include="Quelldateien">
      <UniqueIdentifier>{4FC737F1-C7A5-4376-A066-2A32D752A2FF}</UniqueIdentifier>
      <Extensions>cpp;c;cc;cxx;def;odl;idl;hpj;bat;asm;asmx</Extensions>
    </Filter>
    <Filter Include="Headerdateien">
      <UniqueIdentifier>{93995380-89BD-4b04-88EB-625FBE52EBFB}</UniqueIdentifier>
      <Extensions>h;hpp;hxx;hm;inl;inc;xsd</Extensions>
    </Filter>
    <Filter Include="Ressourcendateien">
      <UniqueIdentifier>{67DA6AB6-F800-4c08-8B7A-83BB121AAD01}</UniqueIdentifier>
      <Extensions>rc;ico;cur;bmp;dlg;rc2;rct;bin;rgs;gif;jpg;jpeg;jpe;resx;tiff;tif;png;wav;mfcribbon-ms</Extensions>
    </Filter>
    <Filter Include="build">
      <UniqueIdentifier>{9fcc6d8e-7bf0-47b7-a1ef-1a432a8f06d9}</UniqueIdentifier>
    </Filter>
    <Filter Include="build\x86">
      <UniqueIdentifier>{88d288ea-dbc7-4059-8932-4169aca8d637}</UniqueIdentifier>
    </Filter>
    <Filter Include="build\x86\dbg">
      <UniqueIdentifier>{89c95682-6cdf-4ffa-aa0d-f2693b09f10b}</UniqueIdentifier>
    </Filter>
    <Filter Include="build\x86\release">
      <UniqueIdentifier>{195e9b63-da6e-4c3d-a2e1-c174ad58dd6f}</UniqueIdentifier>
    </Filter>
  </ItemGroup>
  <ItemGroup>
    <ClInclude Include="FlMonIPC.h">
      <Filter>Headerdateien</Filter>
    </ClInclude>
    <ClInclude Include="fludebug.h">
      <Filter>Headerdateien</Filter>
    </ClInclude>
  </ItemGroup>
  <ItemGroup>
    <ClCompile Include="FlMonIPC.c">
      <Filter>Quelldateien</Filter>
    </ClCompile>
    <ClCompile Include="main.c">
      <Filter>Quelldateien</Filter>
    </ClCompile>
  </ItemGroup>
  <ItemGroup>
    <None Include="Sources" />
    <None Include="postbuild.cmd" />
    <None Include="flmon.def" />
    <None Include="buildus_dbg_x86.cmd">
      <Filter>build\x86\dbg</Filter>
    </None>
    <None Include="rebuildus_dbg_x86.cmd">
      <Filter>build\x86\dbg</Filter>
    </None>
    <None Include="cleanus_dbg_x86.cmd">
      <Filter>build\x86\dbg</Filter>
    </None>
    <None Include="buildus_x86.cmd">
      <Filter>build\x86\release</Filter>
    </None>
    <None Include="cleanus_x86.cmd">
      <Filter>build\x86\release</Filter>
    </None>
    <None Include="rebuildus_x86.cmd">
      <Filter>build\x86\release</Filter>
    </None>
  </ItemGroup>
</Project>